
Microsoft Visual Studio Solution File, Format Version 12.00
# Visual Studio 15
VisualStudioVersion = 15.0.28307.102
MinimumVisualStudioVersion = 10.0.40219.1
Project("{FAE04EC0-301F-11D3-BF4B-00C04F79EFBC}") = "FileParser", "FileParser\FileParser.csproj", "{D3E1EBEA-F279-4B02-97EB-763CCACA346B}"
EndProject
Global
	GlobalSection(SolutionConfigurationPlatforms) = preSolution
		Debug|Any CPU = Debug|Any CPU
		Release|Any CPU = Release|Any CPU
	EndGlobalSection
	GlobalSection(ProjectConfigurationPlatforms) = postSolution
		{D3E1EBEA-F279-4B02-97EB-763CCACA346B}.Debug|Any CPU.ActiveCfg = Debug|Any CPU
		{D3E1EBEA-F279-4B02-97EB-763CCACA346B}.Debug|Any CPU.Build.0 = Debug|Any CPU
		{D3E1EBEA-F279-4B02-97EB-763CCACA346B}.Release|Any CPU.ActiveCfg = Release|Any CPU
		{D3E1EBEA-F279-4B02-97EB-763CCACA346B}.Release|Any CPU.Build.0 = Release|Any CPU
	EndGlobalSection
	GlobalSection(SolutionProperties) = preSolution
		HideSolutionNode = FALSE
	EndGlobalSection
	GlobalSection(ExtensibilityGlobals) = postSolution
		SolutionGuid = {23FAB5BF-8CFD-42DB-A1D8-B8CE1C44CB30}
	EndGlobalSection
EndGlobal
