
Microsoft Visual Studio Solution File, Format Version 12.00
# Visual Studio 15
VisualStudioVersion = 15.0.28307.102
MinimumVisualStudioVersion = 10.0.40219.1
Project("{FAE04EC0-301F-11D3-BF4B-00C04F79EFBC}") = "TasksHelper", "TasksHelper\TasksHelper.csproj", "{55A7391F-3F5B-4D2F-9F58-E74D666662E8}"
EndProject
Global
	GlobalSection(SolutionConfigurationPlatforms) = preSolution
		Debug|Any CPU = Debug|Any CPU
		Release|Any CPU = Release|Any CPU
	EndGlobalSection
	GlobalSection(ProjectConfigurationPlatforms) = postSolution
		{55A7391F-3F5B-4D2F-9F58-E74D666662E8}.Debug|Any CPU.ActiveCfg = Debug|Any CPU
		{55A7391F-3F5B-4D2F-9F58-E74D666662E8}.Debug|Any CPU.Build.0 = Debug|Any CPU
		{55A7391F-3F5B-4D2F-9F58-E74D666662E8}.Release|Any CPU.ActiveCfg = Release|Any CPU
		{55A7391F-3F5B-4D2F-9F58-E74D666662E8}.Release|Any CPU.Build.0 = Release|Any CPU
	EndGlobalSection
	GlobalSection(SolutionProperties) = preSolution
		HideSolutionNode = FALSE
	EndGlobalSection
	GlobalSection(ExtensibilityGlobals) = postSolution
		SolutionGuid = {7EC0196C-2745-4E68-94A8-619EED33B493}
	EndGlobalSection
EndGlobal
