
Microsoft Visual Studio Solution File, Format Version 12.00
# Visual Studio 15
VisualStudioVersion = 15.0.28307.102
MinimumVisualStudioVersion = 10.0.40219.1
Project("{FAE04EC0-301F-11D3-BF4B-00C04F79EFBC}") = "SquaredNums", "SquaredNums\SquaredNums.csproj", "{5D9818DD-2FDC-49BD-8C15-01E6B2E2B32B}"
EndProject
Global
	GlobalSection(SolutionConfigurationPlatforms) = preSolution
		Debug|Any CPU = Debug|Any CPU
		Release|Any CPU = Release|Any CPU
	EndGlobalSection
	GlobalSection(ProjectConfigurationPlatforms) = postSolution
		{5D9818DD-2FDC-49BD-8C15-01E6B2E2B32B}.Debug|Any CPU.ActiveCfg = Debug|Any CPU
		{5D9818DD-2FDC-49BD-8C15-01E6B2E2B32B}.Debug|Any CPU.Build.0 = Debug|Any CPU
		{5D9818DD-2FDC-49BD-8C15-01E6B2E2B32B}.Release|Any CPU.ActiveCfg = Release|Any CPU
		{5D9818DD-2FDC-49BD-8C15-01E6B2E2B32B}.Release|Any CPU.Build.0 = Release|Any CPU
	EndGlobalSection
	GlobalSection(SolutionProperties) = preSolution
		HideSolutionNode = FALSE
	EndGlobalSection
	GlobalSection(ExtensibilityGlobals) = postSolution
		SolutionGuid = {D236D186-BC91-45AD-9817-34E2D2CD672D}
	EndGlobalSection
EndGlobal
